
Microsoft Visual Studio Solution File, Format Version 12.00
# Visual Studio Version 17
VisualStudioVersion = 17.14.36414.22
MinimumVisualStudioVersion = 10.0.40219.1
Project("{FAE04EC0-301F-11D3-BF4B-00C04F79EFBC}") = "DextersTimeEntry", "DextersTimeEntry\DextersTimeEntry\DextersTimeEntry.csproj", "{475D6D2E-8C62-4A50-BDDC-5F0E07714065}"
EndProject
Project("{FAE04EC0-301F-11D3-BF4B-00C04F79EFBC}") = "DextersTimeEntry.Client", "DextersTimeEntry\DextersTimeEntry.Client\DextersTimeEntry.Client.csproj", "{AFBB0655-3C4D-47E5-9303-D354D3657C14}"
EndProject
Global
	GlobalSection(SolutionConfigurationPlatforms) = preSolution
		Debug|Any CPU = Debug|Any CPU
		Release|Any CPU = Release|Any CPU
	EndGlobalSection
	GlobalSection(ProjectConfigurationPlatforms) = postSolution
		{475D6D2E-8C62-4A50-BDDC-5F0E07714065}.Debug|Any CPU.ActiveCfg = Debug|Any CPU
		{475D6D2E-8C62-4A50-BDDC-5F0E07714065}.Debug|Any CPU.Build.0 = Debug|Any CPU
		{475D6D2E-8C62-4A50-BDDC-5F0E07714065}.Release|Any CPU.ActiveCfg = Release|Any CPU
		{475D6D2E-8C62-4A50-BDDC-5F0E07714065}.Release|Any CPU.Build.0 = Release|Any CPU
		{AFBB0655-3C4D-47E5-9303-D354D3657C14}.Debug|Any CPU.ActiveCfg = Debug|Any CPU
		{AFBB0655-3C4D-47E5-9303-D354D3657C14}.Debug|Any CPU.Build.0 = Debug|Any CPU
		{AFBB0655-3C4D-47E5-9303-D354D3657C14}.Release|Any CPU.ActiveCfg = Release|Any CPU
		{AFBB0655-3C4D-47E5-9303-D354D3657C14}.Release|Any CPU.Build.0 = Release|Any CPU
	EndGlobalSection
	GlobalSection(SolutionProperties) = preSolution
		HideSolutionNode = FALSE
	EndGlobalSection
	GlobalSection(ExtensibilityGlobals) = postSolution
		SolutionGuid = {52255454-A0C0-4552-95A8-42499091671E}
	EndGlobalSection
EndGlobal
